
Microsoft Visual Studio Solution File, Format Version 12.00
# Visual Studio Version 16
VisualStudioVersion = 16.0.32510.428
MinimumVisualStudioVersion = 10.0.40219.1
Project("{FAE04EC0-301F-11D3-BF4B-00C04F79EFBC}") = "WashingHouseChetvernyaDemo", "WashingHouseChetvernyaDemo.csproj", "{D0687D82-C7D6-4FBD-A33C-7CA2E14D8A83}"
EndProject
Global
	GlobalSection(SolutionConfigurationPlatforms) = preSolution
		Debug|Any CPU = Debug|Any CPU
		Release|Any CPU = Release|Any CPU
	EndGlobalSection
	GlobalSection(ProjectConfigurationPlatforms) = postSolution
		{D0687D82-C7D6-4FBD-A33C-7CA2E14D8A83}.Debug|Any CPU.ActiveCfg = Debug|Any CPU
		{D0687D82-C7D6-4FBD-A33C-7CA2E14D8A83}.Debug|Any CPU.Build.0 = Debug|Any CPU
		{D0687D82-C7D6-4FBD-A33C-7CA2E14D8A83}.Release|Any CPU.ActiveCfg = Release|Any CPU
		{D0687D82-C7D6-4FBD-A33C-7CA2E14D8A83}.Release|Any CPU.Build.0 = Release|Any CPU
	EndGlobalSection
	GlobalSection(SolutionProperties) = preSolution
		HideSolutionNode = FALSE
	EndGlobalSection
	GlobalSection(ExtensibilityGlobals) = postSolution
		SolutionGuid = {C67507A1-A43B-4928-8C4B-ECC703A4D26A}
	EndGlobalSection
EndGlobal
